<?xml version="1.0" encoding="UTF-8" standalone="yes" ?>
<CodeBlocks_project_file>
	<FileVersion major="1" minor="6" />
	<Project>
		<Option title="finanse program glowny" />
		<Option pch_mode="2" />
		<Option compiler="gcc" />
		<Build>
			<Target title="Debug">
				<Option output="bin/Debug/finanse program glowny" prefix_auto="1" extension_auto="1" />
				<Option object_output="obj/Debug/" />
				<Option type="1" />
				<Option compiler="gcc" />
				<Compiler>
					<Add option="-std=c++11" />
					<Add option="-g" />
				</Compiler>
			</Target>
			<Target title="Release">
				<Option output="bin/Release/finanse program glowny" prefix_auto="1" extension_auto="1" />
				<Option object_output="obj/Release/" />
				<Option type="1" />
				<Option compiler="gcc" />
				<Compiler>
					<Add option="-O2" />
				</Compiler>
				<Linker>
					<Add option="-s" />
				</Linker>
			</Target>
		</Build>
		<Compiler>
			<Add option="-Wall" />
			<Add option="-fexceptions" />
		</Compiler>
		<Unit filename="AuxiliaryMethods .cpp" />
		<Unit filename="AuxiliaryMethods.h" />
		<Unit filename="DateManager.cpp" />
		<Unit filename="DateManager.h" />
		<Unit filename="FileWithExpense.cpp" />
		<Unit filename="FileWithExpense.h" />
		<Unit filename="FileWithIncomes.cpp" />
		<Unit filename="FileWithIncomes.h" />
		<Unit filename="FileWithTurnovers.cpp" />
		<Unit filename="FileWithTurnovers.h" />
		<Unit filename="FileWithUsers.cpp" />
		<Unit filename="FileWithUsers.h" />
		<Unit filename="FinanseManager.cpp" />
		<Unit filename="FinanseManager.h" />
		<Unit filename="LogedUser.cpp" />
		<Unit filename="LogedUser.h" />
		<Unit filename="Markup.cpp" />
		<Unit filename="Markup.h" />
		<Unit filename="Turnover.cpp" />
		<Unit filename="Turnover.h" />
		<Unit filename="UserManager.cpp" />
		<Unit filename="UserManager.h" />
		<Unit filename="main.cpp" />
		<Unit filename="user.cpp" />
		<Unit filename="user.h" />
		<Extensions>
			<code_completion />
			<envvars />
			<debugger />
		</Extensions>
	</Project>
</CodeBlocks_project_file>
